{
  "name": "estudos",
  "lockfileVersion": 3,
  "requires": true,
  "packages": {
    "": {
      "dependencies": {
        "marked-mangle": "^1.1.4"
      }
    },
    "node_modules/marked": {
      "version": "9.0.3",
      "resolved": "https://registry.npmjs.org/marked/-/marked-9.0.3.tgz",
      "integrity": "sha512-pI/k4nzBG1PEq1J3XFEHxVvjicfjl8rgaMaqclouGSMPhk7Q3Ejb2ZRxx/ZQOcQ1909HzVoWCFYq6oLgtL4BpQ==",
      "peer": true,
      "bin": {
        "marked": "bin/marked.js"
      },
      "engines": {
        "node": ">= 16"
      }
    },
    "node_modules/marked-mangle": {
      "version": "1.1.4",
      "resolved": "https://registry.npmjs.org/marked-mangle/-/marked-mangle-1.1.4.tgz",
      "integrity": "sha512-O9Fc08hX/9EYjXevrVKphjPQE4GumC5TqW7ret+/It6NS+LJVItRz1WlF3WVyj9siwSO8bfCxEpf5sxdT3TsLw==",
      "peerDependencies": {
        "marked": ">=4 <10"
      }
    }
  }
}
